
Microsoft Visual Studio Solution File, Format Version 12.00
# Visual Studio Version 16
VisualStudioVersion = 16.0.30204.135
MinimumVisualStudioVersion = 10.0.40219.1
Project("{8BC9CEB8-8B4A-11D0-8D11-00A0C91BC942}") = "engine", "engine\engine.vcxproj", "{FFD3F1C5-0BC2-4DF2-A5B0-55FBBCD62D37}"
EndProject
Project("{8BC9CEB8-8B4A-11D0-8D11-00A0C91BC942}") = "Mu", "Mu\Mu.vcxproj", "{59F68F1C-05E3-4CB7-BD7B-1B8106FD5209}"
EndProject
Project("{8BC9CEB8-8B4A-11D0-8D11-00A0C91BC942}") = "Engine11", "Engine11\Engine11.vcxproj", "{F403EFC6-FF09-4B23-BA60-3C1F72886BA3}"
EndProject
Project("{8BC9CEB8-8B4A-11D0-8D11-00A0C91BC942}") = "Mu11", "Mu11\Mu11.vcxproj", "{1C855B12-935C-485C-92D2-B412CAE18168}"
EndProject
Global
	GlobalSection(SolutionConfigurationPlatforms) = preSolution
		Debug|x64 = Debug|x64
		Debug|x86 = Debug|x86
		Release|x64 = Release|x64
		Release|x86 = Release|x86
	EndGlobalSection
	GlobalSection(ProjectConfigurationPlatforms) = postSolution
		{FFD3F1C5-0BC2-4DF2-A5B0-55FBBCD62D37}.Debug|x64.ActiveCfg = Debug|x64
		{FFD3F1C5-0BC2-4DF2-A5B0-55FBBCD62D37}.Debug|x64.Build.0 = Debug|x64
		{FFD3F1C5-0BC2-4DF2-A5B0-55FBBCD62D37}.Debug|x86.ActiveCfg = Debug|Win32
		{FFD3F1C5-0BC2-4DF2-A5B0-55FBBCD62D37}.Debug|x86.Build.0 = Debug|Win32
		{FFD3F1C5-0BC2-4DF2-A5B0-55FBBCD62D37}.Release|x64.ActiveCfg = Release|x64
		{FFD3F1C5-0BC2-4DF2-A5B0-55FBBCD62D37}.Release|x64.Build.0 = Release|x64
		{FFD3F1C5-0BC2-4DF2-A5B0-55FBBCD62D37}.Release|x86.ActiveCfg = Release|Win32
		{FFD3F1C5-0BC2-4DF2-A5B0-55FBBCD62D37}.Release|x86.Build.0 = Release|Win32
		{59F68F1C-05E3-4CB7-BD7B-1B8106FD5209}.Debug|x64.ActiveCfg = Debug|x64
		{59F68F1C-05E3-4CB7-BD7B-1B8106FD5209}.Debug|x64.Build.0 = Debug|x64
		{59F68F1C-05E3-4CB7-BD7B-1B8106FD5209}.Debug|x86.ActiveCfg = Debug|Win32
		{59F68F1C-05E3-4CB7-BD7B-1B8106FD5209}.Debug|x86.Build.0 = Debug|Win32
		{59F68F1C-05E3-4CB7-BD7B-1B8106FD5209}.Release|x64.ActiveCfg = Release|x64
		{59F68F1C-05E3-4CB7-BD7B-1B8106FD5209}.Release|x64.Build.0 = Release|x64
		{59F68F1C-05E3-4CB7-BD7B-1B8106FD5209}.Release|x86.ActiveCfg = Release|Win32
		{59F68F1C-05E3-4CB7-BD7B-1B8106FD5209}.Release|x86.Build.0 = Release|Win32
		{F403EFC6-FF09-4B23-BA60-3C1F72886BA3}.Debug|x64.ActiveCfg = Debug|x64
		{F403EFC6-FF09-4B23-BA60-3C1F72886BA3}.Debug|x64.Build.0 = Debug|x64
		{F403EFC6-FF09-4B23-BA60-3C1F72886BA3}.Debug|x86.ActiveCfg = Debug|Win32
		{F403EFC6-FF09-4B23-BA60-3C1F72886BA3}.Debug|x86.Build.0 = Debug|Win32
		{F403EFC6-FF09-4B23-BA60-3C1F72886BA3}.Release|x64.ActiveCfg = Release|x64
		{F403EFC6-FF09-4B23-BA60-3C1F72886BA3}.Release|x64.Build.0 = Release|x64
		{F403EFC6-FF09-4B23-BA60-3C1F72886BA3}.Release|x86.ActiveCfg = Release|Win32
		{F403EFC6-FF09-4B23-BA60-3C1F72886BA3}.Release|x86.Build.0 = Release|Win32
		{1C855B12-935C-485C-92D2-B412CAE18168}.Debug|x64.ActiveCfg = Debug|x64
		{1C855B12-935C-485C-92D2-B412CAE18168}.Debug|x64.Build.0 = Debug|x64
		{1C855B12-935C-485C-92D2-B412CAE18168}.Debug|x86.ActiveCfg = Debug|Win32
		{1C855B12-935C-485C-92D2-B412CAE18168}.Debug|x86.Build.0 = Debug|Win32
		{1C855B12-935C-485C-92D2-B412CAE18168}.Release|x64.ActiveCfg = Release|x64
		{1C855B12-935C-485C-92D2-B412CAE18168}.Release|x64.Build.0 = Release|x64
		{1C855B12-935C-485C-92D2-B412CAE18168}.Release|x86.ActiveCfg = Release|Win32
		{1C855B12-935C-485C-92D2-B412CAE18168}.Release|x86.Build.0 = Release|Win32
	EndGlobalSection
	GlobalSection(SolutionProperties) = preSolution
		HideSolutionNode = FALSE
	EndGlobalSection
	GlobalSection(ExtensibilityGlobals) = postSolution
		SolutionGuid = {A2866A6B-30B2-4159-9771-0B5E258EBEFD}
	EndGlobalSection
EndGlobal
